
Microsoft Visual Studio Solution File, Format Version 12.00
Project("{9A19103F-16F7-4668-BE54-9A1E7A4F7556}") = "BlazorRummiSolve", "BlazorRummiSolve\BlazorRummiSolve.csproj", "{52ABE199-FEF9-49A3-A0E8-F2EE6FEA91EE}"
EndProject
Project("{FAE04EC0-301F-11D3-BF4B-00C04F79EFBC}") = "RummiSolve", "RummiSolve\RummiSolve\RummiSolve.csproj", "{57FD7BCB-DE52-4947-8F44-F3E5DCA61D3D}"
EndProject
Project("{FAE04EC0-301F-11D3-BF4B-00C04F79EFBC}") = "BlazorRummiSolve.Tests", "BlazorRummiSolve.Tests\BlazorRummiSolve.Tests.csproj", "{2EF3E101-AA31-428B-8640-1181D683E659}"
EndProject
Global
	GlobalSection(SolutionConfigurationPlatforms) = preSolution
		Debug|Any CPU = Debug|Any CPU
		Release|Any CPU = Release|Any CPU
	EndGlobalSection
	GlobalSection(ProjectConfigurationPlatforms) = postSolution
		{52ABE199-FEF9-49A3-A0E8-F2EE6FEA91EE}.Debug|Any CPU.ActiveCfg = Debug|Any CPU
		{52ABE199-FEF9-49A3-A0E8-F2EE6FEA91EE}.Debug|Any CPU.Build.0 = Debug|Any CPU
		{52ABE199-FEF9-49A3-A0E8-F2EE6FEA91EE}.Release|Any CPU.ActiveCfg = Release|Any CPU
		{52ABE199-FEF9-49A3-A0E8-F2EE6FEA91EE}.Release|Any CPU.Build.0 = Release|Any CPU
		{57FD7BCB-DE52-4947-8F44-F3E5DCA61D3D}.Debug|Any CPU.ActiveCfg = Debug|Any CPU
		{57FD7BCB-DE52-4947-8F44-F3E5DCA61D3D}.Debug|Any CPU.Build.0 = Debug|Any CPU
		{57FD7BCB-DE52-4947-8F44-F3E5DCA61D3D}.Release|Any CPU.ActiveCfg = Release|Any CPU
		{57FD7BCB-DE52-4947-8F44-F3E5DCA61D3D}.Release|Any CPU.Build.0 = Release|Any CPU
		{2EF3E101-AA31-428B-8640-1181D683E659}.Debug|Any CPU.ActiveCfg = Debug|Any CPU
		{2EF3E101-AA31-428B-8640-1181D683E659}.Debug|Any CPU.Build.0 = Debug|Any CPU
		{2EF3E101-AA31-428B-8640-1181D683E659}.Release|Any CPU.ActiveCfg = Release|Any CPU
		{2EF3E101-AA31-428B-8640-1181D683E659}.Release|Any CPU.Build.0 = Release|Any CPU
	EndGlobalSection
EndGlobal
